Microsoft Visual Studio Solution File, Format Version 12.00
# Visual Studio Version 17
VisualStudioVersion = 17.5.2.0
MinimumVisualStudioVersion = 10.0.40219.1
Project("{FAE04EC0-301F-11D3-BF4B-00C04F79EFBC}") = "SSD1306", "SSD1306.csproj", "{2386082E-06D0-03B7-B59F-7FDF7E483BEC}"
EndProject
Global
	GlobalSection(SolutionConfigurationPlatforms) = preSolution
		Debug|Any CPU = Debug|Any CPU
		Release|Any CPU = Release|Any CPU
	EndGlobalSection
	GlobalSection(ProjectConfigurationPlatforms) = postSolution
		{2386082E-06D0-03B7-B59F-7FDF7E483BEC}.Debug|Any CPU.ActiveCfg = Debug|Any CPU
		{2386082E-06D0-03B7-B59F-7FDF7E483BEC}.Debug|Any CPU.Build.0 = Debug|Any CPU
		{2386082E-06D0-03B7-B59F-7FDF7E483BEC}.Release|Any CPU.ActiveCfg = Release|Any CPU
		{2386082E-06D0-03B7-B59F-7FDF7E483BEC}.Release|Any CPU.Build.0 = Release|Any CPU
	EndGlobalSection
	GlobalSection(SolutionProperties) = preSolution
		HideSolutionNode = FALSE
	EndGlobalSection
	GlobalSection(ExtensibilityGlobals) = postSolution
		SolutionGuid = {4163660F-50E3-4ECE-A027-8190DF7E904D}
	EndGlobalSection
EndGlobal
